// !$*UTF8*$!
{
	archiveVersion = 1;
	classes = {
	};
	objectVersion = 55;
	objects = {

/* Begin PBXBuildFile section */
		8AC1D2E628AD54EF00CB6F78 /* haxor_news_swiftuiApp.swift in Sources */ = {isa = PBXBuildFile; fileRef = 8AC1D2E528AD54EF00CB6F78 /* haxor_news_swiftuiApp.swift */; };
		8AC1D2E828AD54EF00CB6F78 /* ContentView.swift in Sources */ = {isa = PBXBuildFile; fileRef = 8AC1D2E728AD54EF00CB6F78 /* ContentView.swift */; };
		8AC1D2EA28AD54EF00CB6F78 /* Assets.xcassets in Resources */ = {isa = PBXBuildFile; fileRef = 8AC1D2E928AD54EF00CB6F78 /* Assets.xcassets */; };
		8AC1D2ED28AD54EF00CB6F78 /* Preview Assets.xcassets in Resources */ = {isa = PBXBuildFile; fileRef = 8AC1D2EC28AD54EF00CB6F78 /* Preview Assets.xcassets */; };
		8AC1D32F28AEA71200CB6F78 /* NetworkManager.swift in Sources */ = {isa = PBXBuildFile; fileRef = 8AC1D32E28AEA71200CB6F78 /* NetworkManager.swift */; };
		8AC1D33128AEA87000CB6F78 /* PostData.swift in Sources */ = {isa = PBXBuildFile; fileRef = 8AC1D33028AEA87000CB6F78 /* PostData.swift */; };
		8AC1D33428AEAEE000CB6F78 /* DetailsViews.swift in Sources */ = {isa = PBXBuildFile; fileRef = 8AC1D33328AEAEE000CB6F78 /* DetailsViews.swift */; };
		8AC1D33828AEB28400CB6F78 /* WebView.swift in Sources */ = {isa = PBXBuildFile; fileRef = 8AC1D33728AEB28400CB6F78 /* WebView.swift */; };
/* End PBXBuildFile section */

/* Begin PBXFileReference section */
		8AC1D2E228AD54EF00CB6F78 /* haxor-news-swiftui.app */ = {isa = PBXFileReference; explicitFileType = wrapper.application; includeInIndex = 0; path = "haxor-news-swiftui.app"; sourceTree = BUILT_PRODUCTS_DIR; };
		8AC1D2E528AD54EF00CB6F78 /* haxor_news_swiftuiApp.swift */ = {isa = PBXFileReference; lastKnownFileType = sourcecode.swift; path = haxor_news_swiftuiApp.swift; sourceTree = "<group>"; };
		8AC1D2E728AD54EF00CB6F78 /* ContentView.swift */ = {isa = PBXFileReference; lastKnownFileType = sourcecode.swift; path = ContentView.swift; sourceTree = "<group>"; };
		8AC1D2E928AD54EF00CB6F78 /* Assets.xcassets */ = {isa = PBXFileReference; lastKnownFileType = folder.assetcatalog; path = Assets.xcassets; sourceTree = "<group>"; };
		8AC1D2EC28AD54EF00CB6F78 /* Preview Assets.xcassets */ = {isa = PBXFileReference; lastKnownFileType = folder.assetcatalog; path = "Preview Assets.xcassets"; sourceTree = "<group>"; };
		8AC1D32E28AEA71200CB6F78 /* NetworkManager.swift */ = {isa = PBXFileReference; lastKnownFileType = sourcecode.swift; path = NetworkManager.swift; sourceTree = "<group>"; };
		8AC1D33028AEA87000CB6F78 /* PostData.swift */ = {isa = PBXFileReference; lastKnownFileType = sourcecode.swift; path = PostData.swift; sourceTree = "<group>"; };
		8AC1D33328AEAEE000CB6F78 /* DetailsViews.swift */ = {isa = PBXFileReference; lastKnownFileType = sourcecode.swift; path = DetailsViews.swift; sourceTree = "<group>"; };
		8AC1D33728AEB28400CB6F78 /* WebView.swift */ = {isa = PBXFileReference; lastKnownFileType = sourcecode.swift; path = WebView.swift; sourceTree = "<group>"; };
/* End PBXFileReference section */

/* Begin PBXFrameworksBuildPhase section */
		8AC1D2DF28AD54EF00CB6F78 /* Frameworks */ = {
			isa = PBXFrameworksBuildPhase;
			buildActionMask = 2147483647;
			files = (
			);
			runOnlyForDeploymentPostprocessing = 0;
		};
/* End PBXFrameworksBuildPhase section */

/* Begin PBXGroup section */
		8AC1D2D928AD54EF00CB6F78 = {
			isa = PBXGroup;
			children = (
				8AC1D2E428AD54EF00CB6F78 /* haxor-news-swiftui */,
				8AC1D2E328AD54EF00CB6F78 /* Products */,
			);
			sourceTree = "<group>";
		};
		8AC1D2E328AD54EF00CB6F78 /* Products */ = {
			isa = PBXGroup;
			children = (
				8AC1D2E228AD54EF00CB6F78 /* haxor-news-swiftui.app */,
			);
			name = Products;
			sourceTree = "<group>";
		};
		8AC1D2E428AD54EF00CB6F78 /* haxor-news-swiftui */ = {
			isa = PBXGroup;
			children = (
				8AC1D32D28AEA6FE00CB6F78 /* Models */,
				8AC1D2E528AD54EF00CB6F78 /* haxor_news_swiftuiApp.swift */,
				8AC1D33228AEAED100CB6F78 /* Views */,
				8AC1D2E928AD54EF00CB6F78 /* Assets.xcassets */,
				8AC1D2EB28AD54EF00CB6F78 /* Preview Content */,
			);
			path = "haxor-news-swiftui";
			sourceTree = "<group>";
		};
		8AC1D2EB28AD54EF00CB6F78 /* Preview Content */ = {
			isa = PBXGroup;
			children = (
				8AC1D2EC28AD54EF00CB6F78 /* Preview Assets.xcassets */,
			);
			path = "Preview Content";
			sourceTree = "<group>";
		};
		8AC1D32D28AEA6FE00CB6F78 /* Models */ = {
			isa = PBXGroup;
			children = (
				8AC1D32E28AEA71200CB6F78 /* NetworkManager.swift */,
				8AC1D33028AEA87000CB6F78 /* PostData.swift */,
			);
			path = Models;
			sourceTree = "<group>";
		};
		8AC1D33228AEAED100CB6F78 /* Views */ = {
			isa = PBXGroup;
			children = (
				8AC1D2E728AD54EF00CB6F78 /* ContentView.swift */,
				8AC1D33328AEAEE000CB6F78 /* DetailsViews.swift */,
				8AC1D33728AEB28400CB6F78 /* WebView.swift */,
			);
			path = Views;
			sourceTree = "<group>";
		};
/* End PBXGroup section */

/* Begin PBXNativeTarget section */
		8AC1D2E128AD54EF00CB6F78 /* haxor-news-swiftui */ = {
			isa = PBXNativeTarget;
			buildConfigurationList = 8AC1D2F028AD54EF00CB6F78 /* Build configuration list for PBXNativeTarget "haxor-news-swiftui" */;
			buildPhases = (
				8AC1D2DE28AD54EF00CB6F78 /* Sources */,
				8AC1D2DF28AD54EF00CB6F78 /* Frameworks */,
				8AC1D2E028AD54EF00CB6F78 /* Resources */,
			);
			buildRules = (
			);
			dependencies = (
			);
			name = "haxor-news-swiftui";
			productName = "haxor-news-swiftui";
			productReference = 8AC1D2E228AD54EF00CB6F78 /* haxor-news-swiftui.app */;
			productType = "com.apple.product-type.application";
		};
/* End PBXNativeTarget section */

/* Begin PBXProject section */
		8AC1D2DA28AD54EF00CB6F78 /* Project object */ = {
			isa = PBXProject;
			attributes = {
				BuildIndependentTargetsInParallel = 1;
				LastSwiftUpdateCheck = 1340;
				LastUpgradeCheck = 1340;
				TargetAttributes = {
					8AC1D2E128AD54EF00CB6F78 = {
						CreatedOnToolsVersion = 13.4.1;
					};
				};
			};
			buildConfigurationList = 8AC1D2DD28AD54EF00CB6F78 /* Build configuration list for PBXProject "haxor-news-swiftui" */;
			compatibilityVersion = "Xcode 13.0";
			developmentRegion = en;
			hasScannedForEncodings = 0;
			knownRegions = (
				en,
				Base,
			);
			mainGroup = 8AC1D2D928AD54EF00CB6F78;
			productRefGroup = 8AC1D2E328AD54EF00CB6F78 /* Products */;
			projectDirPath = "";
			projectRoot = "";
			targets = (
				8AC1D2E128AD54EF00CB6F78 /* haxor-news-swiftui */,
			);
		};
/* End PBXProject section */

/* Begin PBXResourcesBuildPhase section */
		8AC1D2E028AD54EF00CB6F78 /* Resources */ = {
			isa = PBXResourcesBuildPhase;
			buildActionMask = 2147483647;
			files = (
				8AC1D2ED28AD54EF00CB6F78 /* Preview Assets.xcassets in Resources */,
				8AC1D2EA28AD54EF00CB6F78 /* Assets.xcassets in Resources */,
			);
			runOnlyForDeploymentPostprocessing = 0;
		};
/* End PBXResourcesBuildPhase section */

/* Begin PBXSourcesBuildPhase section */
		8AC1D2DE28AD54EF00CB6F78 /* Sources */ = {
			isa = PBXSourcesBuildPhase;
			buildActionMask = 2147483647;
			files = (
				8AC1D33428AEAEE000CB6F78 /* DetailsViews.swift in Sources */,
				8AC1D32F28AEA71200CB6F78 /* NetworkManager.swift in Sources */,
				8AC1D33128AEA87000CB6F78 /* PostData.swift in Sources */,
				8AC1D33828AEB28400CB6F78 /* WebView.swift in Sources */,
				8AC1D2E828AD54EF00CB6F78 /* ContentView.swift in Sources */,
				8AC1D2E628AD54EF00CB6F78 /* haxor_news_swiftuiApp.swift in Sources */,
			);
			runOnlyForDeploymentPostprocessing = 0;
		};
/* End PBXSourcesBuildPhase section */

/* Begin XCBuildConfiguration section */
		8AC1D2EE28AD54EF00CB6F78 /* Debug */ = {
			isa = XCBuildConfiguration;
			buildSettings = {
				ALWAYS_SEARCH_USER_PATHS = NO;
				CLANG_ANALYZER_NONNULL = YES;
				CLANG_ANALYZER_NUMBER_OBJECT_CONVERSION = YES_AGGRESSIVE;
				CLANG_CXX_LANGUAGE_STANDARD = "gnu++17";
				CLANG_ENABLE_MODULES = YES;
				CLANG_ENABLE_OBJC_ARC = YES;
				CLANG_ENABLE_OBJC_WEAK = YES;
				CLANG_WARN_BLOCK_CAPTURE_AUTORELEASING = YES;
				CLANG_WARN_BOOL_CONVERSION = YES;
				CLANG_WARN_COMMA = YES;
				CLANG_WARN_CONSTANT_CONVERSION = YES;
				CLANG_WARN_DEPRECATED_OBJC_IMPLEMENTATIONS = YES;
				CLANG_WARN_DIRECT_OBJC_ISA_USAGE = YES_ERROR;
				CLANG_WARN_DOCUMENTATION_COMMENTS = YES;
				CLANG_WARN_EMPTY_BODY = YES;
				CLANG_WARN_ENUM_CONVERSION = YES;
				CLANG_WARN_INFINITE_RECURSION = YES;
				CLANG_WARN_INT_CONVERSION = YES;
				CLANG_WARN_NON_LITERAL_NULL_CONVERSION = YES;
				CLANG_WARN_OBJC_IMPLICIT_RETAIN_SELF = YES;
				CLANG_WARN_OBJC_LITERAL_CONVERSION = YES;
				CLANG_WARN_OBJC_ROOT_CLASS = YES_ERROR;
				CLANG_WARN_QUOTED_INCLUDE_IN_FRAMEWORK_HEADER = YES;
				CLANG_WARN_RANGE_LOOP_ANALYSIS = YES;
				CLANG_WARN_STRICT_PROTOTYPES = YES;
				CLANG_WARN_SUSPICIOUS_MOVE = YES;
				CLANG_WARN_UNGUARDED_AVAILABILITY = YES_AGGRESSIVE;
				CLANG_WARN_UNREACHABLE_CODE = YES;
				CLANG_WARN__DUPLICATE_METHOD_MATCH = YES;
				COPY_PHASE_STRIP = NO;
				DEBUG_INFORMATION_FORMAT = dwarf;
				ENABLE_STRICT_OBJC_MSGSEND = YES;
				ENABLE_TESTABILITY = YES;
				GCC_C_LANGUAGE_STANDARD = gnu11;
				GCC_DYNAMIC_NO_PIC = NO;
				GCC_NO_COMMON_BLOCKS = YES;
				GCC_OPTIMIZATION_LEVEL = 0;
				GCC_PREPROCESSOR_DEFINITIONS = (
					"DEBUG=1",
					"$(inherited)",
				);
				GCC_WARN_64_TO_32_BIT_CONVERSION = YES;
				GCC_WARN_ABOUT_RETURN_TYPE = YES_ERROR;
				GCC_WARN_UNDECLARED_SELECTOR = YES;
				GCC_WARN_UNINITIALIZED_AUTOS = YES_AGGRESSIVE;
				GCC_WARN_UNUSED_FUNCTION = YES;
				GCC_WARN_UNUSED_VARIABLE = YES;
				IPHONEOS_DEPLOYMENT_TARGET = 15.5;
				MTL_ENABLE_DEBUG_INFO = INCLUDE_SOURCE;
				MTL_FAST_MATH = YES;
				ONLY_ACTIVE_ARCH = YES;
				SDKROOT = iphoneos;
				SWIFT_ACTIVE_COMPILATION_CONDITIONS = DEBUG;
				SWIFT_OPTIMIZATION_LEVEL = "-Onone";
			};
			name = Debug;
		};
		8AC1D2EF28AD54EF00CB6F78 /* Release */ = {
			isa = XCBuildConfiguration;
			buildSettings = {
				ALWAYS_SEARCH_USER_PATHS = NO;
				CLANG_ANALYZER_NONNULL = YES;
				CLANG_ANALYZER_NUMBER_OBJECT_CONVERSION = YES_AGGRESSIVE;
				CLANG_CXX_LANGUAGE_STANDARD = "gnu++17";
				CLANG_ENABLE_MODULES = YES;
				CLANG_ENABLE_OBJC_ARC = YES;
				CLANG_ENABLE_OBJC_WEAK = YES;
				CLANG_WARN_BLOCK_CAPTURE_AUTORELEASING = YES;
				CLANG_WARN_BOOL_CONVERSION = YES;
				CLANG_WARN_COMMA = YES;
				CLANG_WARN_CONSTANT_CONVERSION = YES;
				CLANG_WARN_DEPRECATED_OBJC_IMPLEMENTATIONS = YES;
				CLANG_WARN_DIRECT_OBJC_ISA_USAGE = YES_ERROR;
				CLANG_WARN_DOCUMENTATION_COMMENTS = YES;
				CLANG_WARN_EMPTY_BODY = YES;
				CLANG_WARN_ENUM_CONVERSION = YES;
				CLANG_WARN_INFINITE_RECURSION = YES;
				CLANG_WARN_INT_CONVERSION = YES;
				CLANG_WARN_NON_LITERAL_NULL_CONVERSION = YES;
				CLANG_WARN_OBJC_IMPLICIT_RETAIN_SELF = YES;
				CLANG_WARN_OBJC_LITERAL_CONVERSION = YES;
				CLANG_WARN_OBJC_ROOT_CLASS = YES_ERROR;
				CLANG_WARN_QUOTED_INCLUDE_IN_FRAMEWORK_HEADER = YES;
				CLANG_WARN_RANGE_LOOP_ANALYSIS = YES;
				CLANG_WARN_STRICT_PROTOTYPES = YES;
				CLANG_WARN_SUSPICIOUS_MOVE = YES;
				CLANG_WARN_UNGUARDED_AVAILABILITY = YES_AGGRESSIVE;
				CLANG_WARN_UNREACHABLE_CODE = YES;
				CLANG_WARN__DUPLICATE_METHOD_MATCH = YES;
				COPY_PHASE_STRIP = NO;
				DEBUG_INFORMATION_FORMAT = "dwarf-with-dsym";
				ENABLE_NS_ASSERTIONS = NO;
				ENABLE_STRICT_OBJC_MSGSEND = YES;
				GCC_C_LANGUAGE_STANDARD = gnu11;
				GCC_NO_COMMON_BLOCKS = YES;
				GCC_WARN_64_TO_32_BIT_CONVERSION = YES;
				GCC_WARN_ABOUT_RETURN_TYPE = YES_ERROR;
				GCC_WARN_UNDECLARED_SELECTOR = YES;
				GCC_WARN_UNINITIALIZED_AUTOS = YES_AGGRESSIVE;
				GCC_WARN_UNUSED_FUNCTION = YES;
				GCC_WARN_UNUSED_VARIABLE = YES;
				IPHONEOS_DEPLOYMENT_TARGET = 15.5;
				MTL_ENABLE_DEBUG_INFO = NO;
				MTL_FAST_MATH = YES;
				SDKROOT = iphoneos;
				SWIFT_COMPILATION_MODE = wholemodule;
				SWIFT_OPTIMIZATION_LEVEL = "-O";
				VALIDATE_PRODUCT = YES;
			};
			name = Release;
		};
		8AC1D2F128AD54EF00CB6F78 /* Debug */ = {
			isa = XCBuildConfiguration;
			buildSettings = {
				ASSETCATALOG_COMPILER_APPICON_NAME = AppIcon;
				ASSETCATALOG_COMPILER_GLOBAL_ACCENT_COLOR_NAME = AccentColor;
				CODE_SIGN_STYLE = Automatic;
				CURRENT_PROJECT_VERSION = 1;
				DEVELOPMENT_ASSET_PATHS = "\"haxor-news-swiftui/Preview Content\"";
				DEVELOPMENT_TEAM = P2J629LV45;
				ENABLE_PREVIEWS = YES;
				GENERATE_INFOPLIST_FILE = YES;
				INFOPLIST_KEY_UIApplicationSceneManifest_Generation = YES;
				INFOPLIST_KEY_UIApplicationSupportsIndirectInputEvents = YES;
				INFOPLIST_KEY_UILaunchScreen_Generation = YES;
				INFOPLIST_KEY_UISupportedInterfaceOrientations_iPad = "UIInterfaceOrientationPortrait UIInterfaceOrientationPortraitUpsideDown UIInterfaceOrientationLandscapeLeft UIInterfaceOrientationLandscapeRight";
				INFOPLIST_KEY_UISupportedInterfaceOrientations_iPhone = "UIInterfaceOrientationPortrait UIInterfaceOrientationLandscapeLeft UIInterfaceOrientationLandscapeRight";
				LD_RUNPATH_SEARCH_PATHS = (
					"$(inherited)",
					"@executable_path/Frameworks",
				);
				MARKETING_VERSION = 1.0;
				PRODUCT_BUNDLE_IDENTIFIER = "com.iuryvasconcelos.haxor-news-swiftui";
				PRODUCT_NAME = "$(TARGET_NAME)";
				SWIFT_EMIT_LOC_STRINGS = YES;
				SWIFT_VERSION = 5.0;
				TARGETED_DEVICE_FAMILY = "1,2";
			};
			name = Debug;
		};
		8AC1D2F228AD54EF00CB6F78 /* Release */ = {
			isa = XCBuildConfiguration;
			buildSettings = {
				ASSETCATALOG_COMPILER_APPICON_NAME = AppIcon;
				ASSETCATALOG_COMPILER_GLOBAL_ACCENT_COLOR_NAME = AccentColor;
				CODE_SIGN_STYLE = Automatic;
				CURRENT_PROJECT_VERSION = 1;
				DEVELOPMENT_ASSET_PATHS = "\"haxor-news-swiftui/Preview Content\"";
				DEVELOPMENT_TEAM = P2J629LV45;
				ENABLE_PREVIEWS = YES;
				GENERATE_INFOPLIST_FILE = YES;
				INFOPLIST_KEY_UIApplicationSceneManifest_Generation = YES;
				INFOPLIST_KEY_UIApplicationSupportsIndirectInputEvents = YES;
				INFOPLIST_KEY_UILaunchScreen_Generation = YES;
				INFOPLIST_KEY_UISupportedInterfaceOrientations_iPad = "UIInterfaceOrientationPortrait UIInterfaceOrientationPortraitUpsideDown UIInterfaceOrientationLandscapeLeft UIInterfaceOrientationLandscapeRight";
				INFOPLIST_KEY_UISupportedInterfaceOrientations_iPhone = "UIInterfaceOrientationPortrait UIInterfaceOrientationLandscapeLeft UIInterfaceOrientationLandscapeRight";
				LD_RUNPATH_SEARCH_PATHS = (
					"$(inherited)",
					"@executable_path/Frameworks",
				);
				MARKETING_VERSION = 1.0;
				PRODUCT_BUNDLE_IDENTIFIER = "com.iuryvasconcelos.haxor-news-swiftui";
				PRODUCT_NAME = "$(TARGET_NAME)";
				SWIFT_EMIT_LOC_STRINGS = YES;
				SWIFT_VERSION = 5.0;
				TARGETED_DEVICE_FAMILY = "1,2";
			};
			name = Release;
		};
/* End XCBuildConfiguration section */

/* Begin XCConfigurationList section */
		8AC1D2DD28AD54EF00CB6F78 /* Build configuration list for PBXProject "haxor-news-swiftui" */ = {
			isa = XCConfigurationList;
			buildConfigurations = (
				8AC1D2EE28AD54EF00CB6F78 /* Debug */,
				8AC1D2EF28AD54EF00CB6F78 /* Release */,
			);
			defaultConfigurationIsVisible = 0;
			defaultConfigurationName = Release;
		};
		8AC1D2F028AD54EF00CB6F78 /* Build configuration list for PBXNativeTarget "haxor-news-swiftui" */ = {
			isa = XCConfigurationList;
			buildConfigurations = (
				8AC1D2F128AD54EF00CB6F78 /* Debug */,
				8AC1D2F228AD54EF00CB6F78 /* Release */,
			);
			defaultConfigurationIsVisible = 0;
			defaultConfigurationName = Release;
		};
/* End XCConfigurationList section */
	};
	rootObject = 8AC1D2DA28AD54EF00CB6F78 /* Project object */;
}
